
Microsoft Visual Studio Solution File, Format Version 12.00
# Visual Studio Version 17
VisualStudioVersion = 17.4.33403.182
MinimumVisualStudioVersion = 10.0.40219.1
Project("{9A19103F-16F7-4668-BE54-9A1E7A4F7556}") = "InMemoryCaching", "InMemoryCaching.csproj", "{FCA40002-F7A6-471F-8729-5AEE8165610A}"
EndProject
Project("{FAE04EC0-301F-11D3-BF4B-00C04F79EFBC}") = "DistributedCaching", "..\DistributedCaching\DistributedCaching.csproj", "{2235AA07-645C-4DF3-98C3-98223305427C}"
EndProject
Global
	GlobalSection(SolutionConfigurationPlatforms) = preSolution
		Debug|Any CPU = Debug|Any CPU
		Release|Any CPU = Release|Any CPU
	EndGlobalSection
	GlobalSection(ProjectConfigurationPlatforms) = postSolution
		{FCA40002-F7A6-471F-8729-5AEE8165610A}.Debug|Any CPU.ActiveCfg = Debug|Any CPU
		{FCA40002-F7A6-471F-8729-5AEE8165610A}.Debug|Any CPU.Build.0 = Debug|Any CPU
		{FCA40002-F7A6-471F-8729-5AEE8165610A}.Release|Any CPU.ActiveCfg = Release|Any CPU
		{FCA40002-F7A6-471F-8729-5AEE8165610A}.Release|Any CPU.Build.0 = Release|Any CPU
		{2235AA07-645C-4DF3-98C3-98223305427C}.Debug|Any CPU.ActiveCfg = Debug|Any CPU
		{2235AA07-645C-4DF3-98C3-98223305427C}.Debug|Any CPU.Build.0 = Debug|Any CPU
		{2235AA07-645C-4DF3-98C3-98223305427C}.Release|Any CPU.ActiveCfg = Release|Any CPU
		{2235AA07-645C-4DF3-98C3-98223305427C}.Release|Any CPU.Build.0 = Release|Any CPU
	EndGlobalSection
	GlobalSection(SolutionProperties) = preSolution
		HideSolutionNode = FALSE
	EndGlobalSection
	GlobalSection(ExtensibilityGlobals) = postSolution
		SolutionGuid = {F7DD0326-268C-412A-A680-DB266BBB3D74}
	EndGlobalSection
EndGlobal
